Microsoft Visual Studio Solution File, Format Version 12.00
# Visual Studio Version 16
VisualStudioVersion = 16.0.31129.286
MinimumVisualStudioVersion = 10.0.40219.1
Project("{9A19103F-16F7-4668-BE54-9A1E7A4F7556}") = "Dotnet.Script", "src\Dotnet.Script\Dotnet.Script.csproj", "{057F56AD-AF29-4ABD-B6DE-26E4DEE169F7}"
EndProject
Project("{9A19103F-16F7-4668-BE54-9A1E7A4F7556}") = "Dotnet.Script.Core", "src\Dotnet.Script.Core\Dotnet.Script.Core.csproj", "{684FEFEE-451B-4E68-B662-C16E3A7DA794}"
EndProject
Project("{9A19103F-16F7-4668-BE54-9A1E7A4F7556}") = "Dotnet.Script.Extras", "src\Dotnet.Script.Extras\Dotnet.Script.Extras.csproj", "{BCBB3155-4463-4748-8032-EF82AE297CE1}"
EndProject
Project("{9A19103F-16F7-4668-BE54-9A1E7A4F7556}") = "Dotnet.Script.Tests", "src\Dotnet.Script.Tests\Dotnet.Script.Tests.csproj", "{ADA5A9A5-CBE9-48DA-8C71-318574C986C8}"
EndProject
Project("{9A19103F-16F7-4668-BE54-9A1E7A4F7556}") = "Dotnet.Script.DependencyModel", "src\Dotnet.Script.DependencyModel\Dotnet.Script.DependencyModel.csproj", "{EA963598-ED46-4530-9094-51F70FCCEDA2}"
EndProject
Project("{9A19103F-16F7-4668-BE54-9A1E7A4F7556}") = "Dotnet.Script.DependencyModel.NuGet", "src\Dotnet.Script.DependencyModel.Nuget\Dotnet.Script.DependencyModel.NuGet.csproj", "{E361528F-178A-4489-AF01-FFD3A7122D99}"
EndProject
Project("{9A19103F-16F7-4668-BE54-9A1E7A4F7556}") = "Dotnet.Script.Desktop.Tests", "src\Dotnet.Script.Desktop.Tests\Dotnet.Script.Desktop.Tests.csproj", "{B0E5959C-6E7F-4023-96BA-5AD4A5E00541}"
EndProject
Project("{9A19103F-16F7-4668-BE54-9A1E7A4F7556}") = "Dotnet.Script.Shared.Tests", "src\Dotnet.Script.Shared.Tests\Dotnet.Script.Shared.Tests.csproj", "{8FFA2816-411E-437C-AB75-FFA546780E7A}"
EndProject
Project("{2150E333-8FDC-42A3-9474-1A3956D46DE8}") = "tests", "tests", "{F20002BB-970C-4318-B618-58D478CAC405}"
EndProject
Global
	GlobalSection(SolutionConfigurationPlatforms) = preSolution
		Debug|Any CPU = Debug|Any CPU
		Debug|x64 = Debug|x64
		Debug|x86 = Debug|x86
		Release|Any CPU = Release|Any CPU
		Release|x64 = Release|x64
		Release|x86 = Release|x86
	EndGlobalSection
	GlobalSection(ProjectConfigurationPlatforms) = postSolution
		{057F56AD-AF29-4ABD-B6DE-26E4DEE169F7}.Debug|Any CPU.ActiveCfg = Debug|Any CPU
		{057F56AD-AF29-4ABD-B6DE-26E4DEE169F7}.Debug|Any CPU.Build.0 = Debug|Any CPU
		{057F56AD-AF29-4ABD-B6DE-26E4DEE169F7}.Debug|x64.ActiveCfg = Debug|Any CPU
		{057F56AD-AF29-4ABD-B6DE-26E4DEE169F7}.Debug|x64.Build.0 = Debug|Any CPU
		{057F56AD-AF29-4ABD-B6DE-26E4DEE169F7}.Debug|x86.ActiveCfg = Debug|Any CPU
		{057F56AD-AF29-4ABD-B6DE-26E4DEE169F7}.Debug|x86.Build.0 = Debug|Any CPU
		{057F56AD-AF29-4ABD-B6DE-26E4DEE169F7}.Release|Any CPU.ActiveCfg = Release|Any CPU
		{057F56AD-AF29-4ABD-B6DE-26E4DEE169F7}.Release|Any CPU.Build.0 = Release|Any CPU
		{057F56AD-AF29-4ABD-B6DE-26E4DEE169F7}.Release|x64.ActiveCfg = Release|Any CPU
		{057F56AD-AF29-4ABD-B6DE-26E4DEE169F7}.Release|x64.Build.0 = Release|Any CPU
		{057F56AD-AF29-4ABD-B6DE-26E4DEE169F7}.Release|x86.ActiveCfg = Release|Any CPU
		{057F56AD-AF29-4ABD-B6DE-26E4DEE169F7}.Release|x86.Build.0 = Release|Any CPU
		{684FEFEE-451B-4E68-B662-C16E3A7DA794}.Debug|Any CPU.ActiveCfg = Debug|Any CPU
		{684FEFEE-451B-4E68-B662-C16E3A7DA794}.Debug|Any CPU.Build.0 = Debug|Any CPU
		{684FEFEE-451B-4E68-B662-C16E3A7DA794}.Debug|x64.ActiveCfg = Debug|Any CPU
		{684FEFEE-451B-4E68-B662-C16E3A7DA794}.Debug|x64.Build.0 = Debug|Any CPU
		{684FEFEE-451B-4E68-B662-C16E3A7DA794}.Debug|x86.ActiveCfg = Debug|Any CPU
		{684FEFEE-451B-4E68-B662-C16E3A7DA794}.Debug|x86.Build.0 = Debug|Any CPU
		{684FEFEE-451B-4E68-B662-C16E3A7DA794}.Release|Any CPU.ActiveCfg = Release|Any CPU
		{684FEFEE-451B-4E68-B662-C16E3A7DA794}.Release|Any CPU.Build.0 = Release|Any CPU
		{684FEFEE-451B-4E68-B662-C16E3A7DA794}.Release|x64.ActiveCfg = Release|Any CPU
		{684FEFEE-451B-4E68-B662-C16E3A7DA794}.Release|x64.Build.0 = Release|Any CPU
		{684FEFEE-451B-4E68-B662-C16E3A7DA794}.Release|x86.ActiveCfg = Release|Any CPU
		{684FEFEE-451B-4E68-B662-C16E3A7DA794}.Release|x86.Build.0 = Release|Any CPU
		{BCBB3155-4463-4748-8032-EF82AE297CE1}.Debug|Any CPU.ActiveCfg = Debug|Any CPU
		{BCBB3155-4463-4748-8032-EF82AE297CE1}.Debug|Any CPU.Build.0 = Debug|Any CPU
		{BCBB3155-4463-4748-8032-EF82AE297CE1}.Debug|x64.ActiveCfg = Debug|Any CPU
		{BCBB3155-4463-4748-8032-EF82AE297CE1}.Debug|x64.Build.0 = Debug|Any CPU
		{BCBB3155-4463-4748-8032-EF82AE297CE1}.Debug|x86.ActiveCfg = Debug|Any CPU
		{BCBB3155-4463-4748-8032-EF82AE297CE1}.Debug|x86.Build.0 = Debug|Any CPU
		{BCBB3155-4463-4748-8032-EF82AE297CE1}.Release|Any CPU.ActiveCfg = Release|Any CPU
		{BCBB3155-4463-4748-8032-EF82AE297CE1}.Release|Any CPU.Build.0 = Release|Any CPU
		{BCBB3155-4463-4748-8032-EF82AE297CE1}.Release|x64.ActiveCfg = Release|Any CPU
		{BCBB3155-4463-4748-8032-EF82AE297CE1}.Release|x64.Build.0 = Release|Any CPU
		{BCBB3155-4463-4748-8032-EF82AE297CE1}.Release|x86.ActiveCfg = Release|Any CPU
		{BCBB3155-4463-4748-8032-EF82AE297CE1}.Release|x86.Build.0 = Release|Any CPU
		{ADA5A9A5-CBE9-48DA-8C71-318574C986C8}.Debug|Any CPU.ActiveCfg = Debug|Any CPU
		{ADA5A9A5-CBE9-48DA-8C71-318574C986C8}.Debug|Any CPU.Build.0 = Debug|Any CPU
		{ADA5A9A5-CBE9-48DA-8C71-318574C986C8}.Debug|x64.ActiveCfg = Debug|Any CPU
		{ADA5A9A5-CBE9-48DA-8C71-318574C986C8}.Debug|x64.Build.0 = Debug|Any CPU
		{ADA5A9A5-CBE9-48DA-8C71-318574C986C8}.Debug|x86.ActiveCfg = Debug|Any CPU
		{ADA5A9A5-CBE9-48DA-8C71-318574C986C8}.Debug|x86.Build.0 = Debug|Any CPU
		{ADA5A9A5-CBE9-48DA-8C71-318574C986C8}.Release|Any CPU.ActiveCfg = Release|Any CPU
		{ADA5A9A5-CBE9-48DA-8C71-318574C986C8}.Release|Any CPU.Build.0 = Release|Any CPU
		{ADA5A9A5-CBE9-48DA-8C71-318574C986C8}.Release|x64.ActiveCfg = Release|Any CPU
		{ADA5A9A5-CBE9-48DA-8C71-318574C986C8}.Release|x64.Build.0 = Release|Any CPU
		{ADA5A9A5-CBE9-48DA-8C71-318574C986C8}.Release|x86.ActiveCfg = Release|Any CPU
		{ADA5A9A5-CBE9-48DA-8C71-318574C986C8}.Release|x86.Build.0 = Release|Any CPU
		{EA963598-ED46-4530-9094-51F70FCCEDA2}.Debug|Any CPU.ActiveCfg = Debug|Any CPU
		{EA963598-ED46-4530-9094-51F70FCCEDA2}.Debug|Any CPU.Build.0 = Debug|Any CPU
		{EA963598-ED46-4530-9094-51F70FCCEDA2}.Debug|x64.ActiveCfg = Debug|Any CPU
		{EA963598-ED46-4530-9094-51F70FCCEDA2}.Debug|x64.Build.0 = Debug|Any CPU
		{EA963598-ED46-4530-9094-51F70FCCEDA2}.Debug|x86.ActiveCfg = Debug|Any CPU
		{EA963598-ED46-4530-9094-51F70FCCEDA2}.Debug|x86.Build.0 = Debug|Any CPU
		{EA963598-ED46-4530-9094-51F70FCCEDA2}.Release|Any CPU.ActiveCfg = Release|Any CPU
		{EA963598-ED46-4530-9094-51F70FCCEDA2}.Release|Any CPU.Build.0 = Release|Any CPU
		{EA963598-ED46-4530-9094-51F70FCCEDA2}.Release|x64.ActiveCfg = Release|Any CPU
		{EA963598-ED46-4530-9094-51F70FCCEDA2}.Release|x64.Build.0 = Release|Any CPU
		{EA963598-ED46-4530-9094-51F70FCCEDA2}.Release|x86.ActiveCfg = Release|Any CPU
		{EA963598-ED46-4530-9094-51F70FCCEDA2}.Release|x86.Build.0 = Release|Any CPU
		{E361528F-178A-4489-AF01-FFD3A7122D99}.Debug|Any CPU.ActiveCfg = Debug|Any CPU
		{E361528F-178A-4489-AF01-FFD3A7122D99}.Debug|Any CPU.Build.0 = Debug|Any CPU
		{E361528F-178A-4489-AF01-FFD3A7122D99}.Debug|x64.ActiveCfg = Debug|Any CPU
		{E361528F-178A-4489-AF01-FFD3A7122D99}.Debug|x64.Build.0 = Debug|Any CPU
		{E361528F-178A-4489-AF01-FFD3A7122D99}.Debug|x86.ActiveCfg = Debug|Any CPU
		{E361528F-178A-4489-AF01-FFD3A7122D99}.Debug|x86.Build.0 = Debug|Any CPU
		{E361528F-178A-4489-AF01-FFD3A7122D99}.Release|Any CPU.ActiveCfg = Release|Any CPU
		{E361528F-178A-4489-AF01-FFD3A7122D99}.Release|Any CPU.Build.0 = Release|Any CPU
		{E361528F-178A-4489-AF01-FFD3A7122D99}.Release|x64.ActiveCfg = Release|Any CPU
		{E361528F-178A-4489-AF01-FFD3A7122D99}.Release|x64.Build.0 = Release|Any CPU
		{E361528F-178A-4489-AF01-FFD3A7122D99}.Release|x86.ActiveCfg = Release|Any CPU
		{E361528F-178A-4489-AF01-FFD3A7122D99}.Release|x86.Build.0 = Release|Any CPU
		{B0E5959C-6E7F-4023-96BA-5AD4A5E00541}.Debug|Any CPU.ActiveCfg = Debug|Any CPU
		{B0E5959C-6E7F-4023-96BA-5AD4A5E00541}.Debug|Any CPU.Build.0 = Debug|Any CPU
		{B0E5959C-6E7F-4023-96BA-5AD4A5E00541}.Debug|x64.ActiveCfg = Debug|Any CPU
		{B0E5959C-6E7F-4023-96BA-5AD4A5E00541}.Debug|x64.Build.0 = Debug|Any CPU
		{B0E5959C-6E7F-4023-96BA-5AD4A5E00541}.Debug|x86.ActiveCfg = Debug|Any CPU
		{B0E5959C-6E7F-4023-96BA-5AD4A5E00541}.Debug|x86.Build.0 = Debug|Any CPU
		{B0E5959C-6E7F-4023-96BA-5AD4A5E00541}.Release|Any CPU.ActiveCfg = Release|Any CPU
		{B0E5959C-6E7F-4023-96BA-5AD4A5E00541}.Release|Any CPU.Build.0 = Release|Any CPU
		{B0E5959C-6E7F-4023-96BA-5AD4A5E00541}.Release|x64.ActiveCfg = Release|Any CPU
		{B0E5959C-6E7F-4023-96BA-5AD4A5E00541}.Release|x64.Build.0 = Release|Any CPU
		{B0E5959C-6E7F-4023-96BA-5AD4A5E00541}.Release|x86.ActiveCfg = Release|Any CPU
		{B0E5959C-6E7F-4023-96BA-5AD4A5E00541}.Release|x86.Build.0 = Release|Any CPU
		{8FFA2816-411E-437C-AB75-FFA546780E7A}.Debug|Any CPU.ActiveCfg = Debug|Any CPU
		{8FFA2816-411E-437C-AB75-FFA546780E7A}.Debug|Any CPU.Build.0 = Debug|Any CPU
		{8FFA2816-411E-437C-AB75-FFA546780E7A}.Debug|x64.ActiveCfg = Debug|Any CPU
		{8FFA2816-411E-437C-AB75-FFA546780E7A}.Debug|x64.Build.0 = Debug|Any CPU
		{8FFA2816-411E-437C-AB75-FFA546780E7A}.Debug|x86.ActiveCfg = Debug|Any CPU
		{8FFA2816-411E-437C-AB75-FFA546780E7A}.Debug|x86.Build.0 = Debug|Any CPU
		{8FFA2816-411E-437C-AB75-FFA546780E7A}.Release|Any CPU.ActiveCfg = Release|Any CPU
		{8FFA2816-411E-437C-AB75-FFA546780E7A}.Release|Any CPU.Build.0 = Release|Any CPU
		{8FFA2816-411E-437C-AB75-FFA546780E7A}.Release|x64.ActiveCfg = Release|Any CPU
		{8FFA2816-411E-437C-AB75-FFA546780E7A}.Release|x64.Build.0 = Release|Any CPU
		{8FFA2816-411E-437C-AB75-FFA546780E7A}.Release|x86.ActiveCfg = Release|Any CPU
		{8FFA2816-411E-437C-AB75-FFA546780E7A}.Release|x86.Build.0 = Release|Any CPU
	EndGlobalSection
	GlobalSection(SolutionProperties) = preSolution
		HideSolutionNode = FALSE
	EndGlobalSection
	GlobalSection(NestedProjects) = preSolution
		{ADA5A9A5-CBE9-48DA-8C71-318574C986C8} = {F20002BB-970C-4318-B618-58D478CAC405}
		{B0E5959C-6E7F-4023-96BA-5AD4A5E00541} = {F20002BB-970C-4318-B618-58D478CAC405}
		{8FFA2816-411E-437C-AB75-FFA546780E7A} = {F20002BB-970C-4318-B618-58D478CAC405}
	EndGlobalSection
	GlobalSection(ExtensibilityGlobals) = postSolution
		SolutionGuid = {3B983DCE-42D8-48BE-BCC9-CDE81001EBDA}
	EndGlobalSection
EndGlobal
