
Microsoft Visual Studio Solution File, Format Version 12.00
# Visual Studio 15
VisualStudioVersion = 15.0.26114.2
MinimumVisualStudioVersion = 10.0.40219.1
Project("{FAE04EC0-301F-11D3-BF4B-00C04F79EFBC}") = "Dotnet.Script", "src\Dotnet.Script\Dotnet.Script.csproj", "{057F56AD-AF29-4ABD-B6DE-26E4DEE169F7}"
EndProject
Project("{FAE04EC0-301F-11D3-BF4B-00C04F79EFBC}") = "Dotnet.Script.Core", "src\Dotnet.Script.Core\Dotnet.Script.Core.csproj", "{684FEFEE-451B-4E68-B662-C16E3A7DA794}"
EndProject
Project("{FAE04EC0-301F-11D3-BF4B-00C04F79EFBC}") = "Dotnet.Script.Extras", "src\Dotnet.Script.Extras\Dotnet.Script.Extras.csproj", "{BCBB3155-4463-4748-8032-EF82AE297CE1}"
EndProject
Project("{2150E333-8FDC-42A3-9474-1A3956D46DE8}") = "src", "src", "{A239C863-9CAC-4617-A08A-14D637FF5203}"
EndProject
Project("{2150E333-8FDC-42A3-9474-1A3956D46DE8}") = "backup", "backup", "{482D7758-31DE-4891-94D9-AE64EAEEDAD7}"
EndProject
Project("{13B669BE-BB05-4DDF-9536-439F39A36129}") = "Dotnet.Script", "src\backup\Dotnet.Script\Dotnet.Script.csproj", "{8D881BB6-B63D-45C7-A13E-E4E20707A24B}"
EndProject
Project("{2150E333-8FDC-42A3-9474-1A3956D46DE8}") = "Dotnet.Script", "Dotnet.Script", "{70AE1A21-3B57-47C9-B3EE-F1BB78A71FEC}"
EndProject
Project("{13B669BE-BB05-4DDF-9536-439F39A36129}") = "fixtures", "src\backup\Dotnet.Script\fixtures\fixtures.csproj", "{45647E88-459D-444E-92B2-92E7CF6E1AD7}"
EndProject
Project("{13B669BE-BB05-4DDF-9536-439F39A36129}") = "Dotnet.Script.Core", "src\backup\Dotnet.Script.Core\Dotnet.Script.Core.csproj", "{E6206B0A-8F77-465A-BB82-F6BB5722BB4B}"
EndProject
Project("{2150E333-8FDC-42A3-9474-1A3956D46DE8}") = "Dotnet.Script", "Dotnet.Script", "{B06003BB-C195-4335-9121-8497E2653BAE}"
EndProject
Project("{13B669BE-BB05-4DDF-9536-439F39A36129}") = "fixtures", "src\Dotnet.Script\fixtures\fixtures.csproj", "{44A48966-C1DE-46B4-8980-9E7B8F703BD8}"
EndProject
Global
	GlobalSection(SolutionConfigurationPlatforms) = preSolution
		Debug|Any CPU = Debug|Any CPU
		Release|Any CPU = Release|Any CPU
		Debug|x64 = Debug|x64
		Debug|x86 = Debug|x86
		Release|x64 = Release|x64
		Release|x86 = Release|x86
	EndGlobalSection
	GlobalSection(ProjectConfigurationPlatforms) = postSolution
		{057F56AD-AF29-4ABD-B6DE-26E4DEE169F7}.Debug|Any CPU.ActiveCfg = Debug|Any CPU
		{057F56AD-AF29-4ABD-B6DE-26E4DEE169F7}.Debug|Any CPU.Build.0 = Debug|Any CPU
		{057F56AD-AF29-4ABD-B6DE-26E4DEE169F7}.Release|Any CPU.ActiveCfg = Release|Any CPU
		{057F56AD-AF29-4ABD-B6DE-26E4DEE169F7}.Release|Any CPU.Build.0 = Release|Any CPU
		{684FEFEE-451B-4E68-B662-C16E3A7DA794}.Debug|Any CPU.ActiveCfg = Debug|Any CPU
		{684FEFEE-451B-4E68-B662-C16E3A7DA794}.Debug|Any CPU.Build.0 = Debug|Any CPU
		{684FEFEE-451B-4E68-B662-C16E3A7DA794}.Release|Any CPU.ActiveCfg = Release|Any CPU
		{684FEFEE-451B-4E68-B662-C16E3A7DA794}.Release|Any CPU.Build.0 = Release|Any CPU
		{BCBB3155-4463-4748-8032-EF82AE297CE1}.Debug|Any CPU.ActiveCfg = Debug|Any CPU
		{BCBB3155-4463-4748-8032-EF82AE297CE1}.Debug|Any CPU.Build.0 = Debug|Any CPU
		{BCBB3155-4463-4748-8032-EF82AE297CE1}.Release|Any CPU.ActiveCfg = Release|Any CPU
		{BCBB3155-4463-4748-8032-EF82AE297CE1}.Release|Any CPU.Build.0 = Release|Any CPU
		{8D881BB6-B63D-45C7-A13E-E4E20707A24B}.Debug|Any CPU.ActiveCfg = Debug|Any CPU
		{8D881BB6-B63D-45C7-A13E-E4E20707A24B}.Debug|Any CPU.Build.0 = Debug|Any CPU
		{8D881BB6-B63D-45C7-A13E-E4E20707A24B}.Debug|x64.ActiveCfg = Debug|x64
		{8D881BB6-B63D-45C7-A13E-E4E20707A24B}.Debug|x64.Build.0 = Debug|x64
		{8D881BB6-B63D-45C7-A13E-E4E20707A24B}.Debug|x86.ActiveCfg = Debug|x86
		{8D881BB6-B63D-45C7-A13E-E4E20707A24B}.Debug|x86.Build.0 = Debug|x86
		{8D881BB6-B63D-45C7-A13E-E4E20707A24B}.Release|Any CPU.ActiveCfg = Release|Any CPU
		{8D881BB6-B63D-45C7-A13E-E4E20707A24B}.Release|Any CPU.Build.0 = Release|Any CPU
		{8D881BB6-B63D-45C7-A13E-E4E20707A24B}.Release|x64.ActiveCfg = Release|x64
		{8D881BB6-B63D-45C7-A13E-E4E20707A24B}.Release|x64.Build.0 = Release|x64
		{8D881BB6-B63D-45C7-A13E-E4E20707A24B}.Release|x86.ActiveCfg = Release|x86
		{8D881BB6-B63D-45C7-A13E-E4E20707A24B}.Release|x86.Build.0 = Release|x86
		{45647E88-459D-444E-92B2-92E7CF6E1AD7}.Debug|Any CPU.ActiveCfg = Debug|Any CPU
		{45647E88-459D-444E-92B2-92E7CF6E1AD7}.Debug|Any CPU.Build.0 = Debug|Any CPU
		{45647E88-459D-444E-92B2-92E7CF6E1AD7}.Debug|x64.ActiveCfg = Debug|x64
		{45647E88-459D-444E-92B2-92E7CF6E1AD7}.Debug|x64.Build.0 = Debug|x64
		{45647E88-459D-444E-92B2-92E7CF6E1AD7}.Debug|x86.ActiveCfg = Debug|x86
		{45647E88-459D-444E-92B2-92E7CF6E1AD7}.Debug|x86.Build.0 = Debug|x86
		{45647E88-459D-444E-92B2-92E7CF6E1AD7}.Release|Any CPU.ActiveCfg = Release|Any CPU
		{45647E88-459D-444E-92B2-92E7CF6E1AD7}.Release|Any CPU.Build.0 = Release|Any CPU
		{45647E88-459D-444E-92B2-92E7CF6E1AD7}.Release|x64.ActiveCfg = Release|x64
		{45647E88-459D-444E-92B2-92E7CF6E1AD7}.Release|x64.Build.0 = Release|x64
		{45647E88-459D-444E-92B2-92E7CF6E1AD7}.Release|x86.ActiveCfg = Release|x86
		{45647E88-459D-444E-92B2-92E7CF6E1AD7}.Release|x86.Build.0 = Release|x86
		{E6206B0A-8F77-465A-BB82-F6BB5722BB4B}.Debug|Any CPU.ActiveCfg = Debug|Any CPU
		{E6206B0A-8F77-465A-BB82-F6BB5722BB4B}.Debug|Any CPU.Build.0 = Debug|Any CPU
		{E6206B0A-8F77-465A-BB82-F6BB5722BB4B}.Debug|x64.ActiveCfg = Debug|x64
		{E6206B0A-8F77-465A-BB82-F6BB5722BB4B}.Debug|x64.Build.0 = Debug|x64
		{E6206B0A-8F77-465A-BB82-F6BB5722BB4B}.Debug|x86.ActiveCfg = Debug|x86
		{E6206B0A-8F77-465A-BB82-F6BB5722BB4B}.Debug|x86.Build.0 = Debug|x86
		{E6206B0A-8F77-465A-BB82-F6BB5722BB4B}.Release|Any CPU.ActiveCfg = Release|Any CPU
		{E6206B0A-8F77-465A-BB82-F6BB5722BB4B}.Release|Any CPU.Build.0 = Release|Any CPU
		{E6206B0A-8F77-465A-BB82-F6BB5722BB4B}.Release|x64.ActiveCfg = Release|x64
		{E6206B0A-8F77-465A-BB82-F6BB5722BB4B}.Release|x64.Build.0 = Release|x64
		{E6206B0A-8F77-465A-BB82-F6BB5722BB4B}.Release|x86.ActiveCfg = Release|x86
		{E6206B0A-8F77-465A-BB82-F6BB5722BB4B}.Release|x86.Build.0 = Release|x86
		{44A48966-C1DE-46B4-8980-9E7B8F703BD8}.Debug|Any CPU.ActiveCfg = Debug|Any CPU
		{44A48966-C1DE-46B4-8980-9E7B8F703BD8}.Debug|Any CPU.Build.0 = Debug|Any CPU
		{44A48966-C1DE-46B4-8980-9E7B8F703BD8}.Debug|x64.ActiveCfg = Debug|x64
		{44A48966-C1DE-46B4-8980-9E7B8F703BD8}.Debug|x64.Build.0 = Debug|x64
		{44A48966-C1DE-46B4-8980-9E7B8F703BD8}.Debug|x86.ActiveCfg = Debug|x86
		{44A48966-C1DE-46B4-8980-9E7B8F703BD8}.Debug|x86.Build.0 = Debug|x86
		{44A48966-C1DE-46B4-8980-9E7B8F703BD8}.Release|Any CPU.ActiveCfg = Release|Any CPU
		{44A48966-C1DE-46B4-8980-9E7B8F703BD8}.Release|Any CPU.Build.0 = Release|Any CPU
		{44A48966-C1DE-46B4-8980-9E7B8F703BD8}.Release|x64.ActiveCfg = Release|x64
		{44A48966-C1DE-46B4-8980-9E7B8F703BD8}.Release|x64.Build.0 = Release|x64
		{44A48966-C1DE-46B4-8980-9E7B8F703BD8}.Release|x86.ActiveCfg = Release|x86
		{44A48966-C1DE-46B4-8980-9E7B8F703BD8}.Release|x86.Build.0 = Release|x86
	EndGlobalSection
	GlobalSection(SolutionProperties) = preSolution
		HideSolutionNode = FALSE
	EndGlobalSection
	GlobalSection(NestedProjects) = preSolution
		{482D7758-31DE-4891-94D9-AE64EAEEDAD7} = {A239C863-9CAC-4617-A08A-14D637FF5203}
		{8D881BB6-B63D-45C7-A13E-E4E20707A24B} = {482D7758-31DE-4891-94D9-AE64EAEEDAD7}
		{70AE1A21-3B57-47C9-B3EE-F1BB78A71FEC} = {482D7758-31DE-4891-94D9-AE64EAEEDAD7}
		{45647E88-459D-444E-92B2-92E7CF6E1AD7} = {70AE1A21-3B57-47C9-B3EE-F1BB78A71FEC}
		{E6206B0A-8F77-465A-BB82-F6BB5722BB4B} = {482D7758-31DE-4891-94D9-AE64EAEEDAD7}
		{B06003BB-C195-4335-9121-8497E2653BAE} = {A239C863-9CAC-4617-A08A-14D637FF5203}
		{44A48966-C1DE-46B4-8980-9E7B8F703BD8} = {B06003BB-C195-4335-9121-8497E2653BAE}
	EndGlobalSection
EndGlobal
