
Microsoft Visual Studio Solution File, Format Version 12.00
# Visual Studio 15
VisualStudioVersion = 15.0.27130.2003
MinimumVisualStudioVersion = 10.0.40219.1
Project("{FAE04EC0-301F-11D3-BF4B-00C04F79EFBC}") = "ConsoleApp2", "ConsoleApp2\ConsoleApp2.csproj", "{AF98A9B6-30CF-4205-95E7-390E3A7EA36E}"
EndProject
Global
	GlobalSection(SolutionConfigurationPlatforms) = preSolution
		Debug|Any CPU = Debug|Any CPU
		Release|Any CPU = Release|Any CPU
	EndGlobalSection
	GlobalSection(ProjectConfigurationPlatforms) = postSolution
		{AF98A9B6-30CF-4205-95E7-390E3A7EA36E}.Debug|Any CPU.ActiveCfg = Debug|Any CPU
		{AF98A9B6-30CF-4205-95E7-390E3A7EA36E}.Debug|Any CPU.Build.0 = Debug|Any CPU
		{AF98A9B6-30CF-4205-95E7-390E3A7EA36E}.Release|Any CPU.ActiveCfg = Release|Any CPU
		{AF98A9B6-30CF-4205-95E7-390E3A7EA36E}.Release|Any CPU.Build.0 = Release|Any CPU
	EndGlobalSection
	GlobalSection(SolutionProperties) = preSolution
		HideSolutionNode = FALSE
	EndGlobalSection
	GlobalSection(ExtensibilityGlobals) = postSolution
		SolutionGuid = {0F9532B2-53D2-4F04-AFAD-AB3E3A661041}
	EndGlobalSection
EndGlobal
